
Microsoft Visual Studio Solution File, Format Version 12.00
# Visual Studio 15
VisualStudioVersion = 15.0.27428.2011
MinimumVisualStudioVersion = 10.0.40219.1
Project("{FAE04EC0-301F-11D3-BF4B-00C04F79EFBC}") = "APIApplication", "APIApplication\APIApplication.csproj", "{226817E6-ABAE-4FD5-AF15-0D63A1EF2114}"
EndProject
Project("{FAE04EC0-301F-11D3-BF4B-00C04F79EFBC}") = "Nitin.Sms.Api", "Nitin.Sms.Api\Nitin.Sms.Api.csproj", "{B5A7B4CC-E933-4563-95A6-72189A8EF714}"
EndProject
Global
	GlobalSection(SolutionConfigurationPlatforms) = preSolution
		Debug|Any CPU = Debug|Any CPU
		Release|Any CPU = Release|Any CPU
	EndGlobalSection
	GlobalSection(ProjectConfigurationPlatforms) = postSolution
		{226817E6-ABAE-4FD5-AF15-0D63A1EF2114}.Debug|Any CPU.ActiveCfg = Debug|Any CPU
		{226817E6-ABAE-4FD5-AF15-0D63A1EF2114}.Debug|Any CPU.Build.0 = Debug|Any CPU
		{226817E6-ABAE-4FD5-AF15-0D63A1EF2114}.Release|Any CPU.ActiveCfg = Release|Any CPU
		{226817E6-ABAE-4FD5-AF15-0D63A1EF2114}.Release|Any CPU.Build.0 = Release|Any CPU
		{B5A7B4CC-E933-4563-95A6-72189A8EF714}.Debug|Any CPU.ActiveCfg = Debug|Any CPU
		{B5A7B4CC-E933-4563-95A6-72189A8EF714}.Debug|Any CPU.Build.0 = Debug|Any CPU
		{B5A7B4CC-E933-4563-95A6-72189A8EF714}.Release|Any CPU.ActiveCfg = Release|Any CPU
		{B5A7B4CC-E933-4563-95A6-72189A8EF714}.Release|Any CPU.Build.0 = Release|Any CPU
	EndGlobalSection
	GlobalSection(SolutionProperties) = preSolution
		HideSolutionNode = FALSE
	EndGlobalSection
	GlobalSection(ExtensibilityGlobals) = postSolution
		SolutionGuid = {4B1C438F-5AC5-417C-90B8-61E1A0ABE789}
	EndGlobalSection
EndGlobal
